# Generated by pub
# See https://www.dartlang.org/tools/pub/glossary#lockfile
packages:
  blocx:
    dependency: "direct main"
    description:
      path: ".."
      relative: true
    source: path
    version: "0.0.2"
  rxdart:
    dependency: transitive
    description:
      name: rxdart
      url: "https://pub.dartlang.org"
    source: hosted
    version: "0.20.0"
sdks:
  dart: ">=2.0.0-dev.68.0 <3.0.0"
